preprocess:
  cmd: python -m spacy run preprocess
  script:
    - python scripts/preprocess.py assets/tech_training.jsonl corpus/tech_training.spacy
    - python scripts/preprocess.py assets/tech_eval.jsonl corpus/tech_eval.spacy
  deps:
    - path: assets/tech_training.jsonl
      md5: cd176a587e3e25c63cf5773a7b7fda30
    - path: assets/tech_eval.jsonl
      md5: cd176a587e3e25c63cf5773a7b7fda30
    - path: scripts/preprocess.py
      md5: a1a912a37d5a490951cd6b8f819652ab
  outs:
    - path: corpus/tech_training.spacy
      md5: 19b22221eb484b39c997903d18749896
    - path: corpus/tech_eval.spacy
      md5: 19b22221eb484b39c997903d18749896
  spacy_version: 3.1.2
  spacy_git_version: e1f88de72
train:
  cmd: python -m spacy run train
  script:
    - python -m spacy train configs/config.cfg --output training/ --paths.train corpus/tech_training.spacy
      --paths.dev corpus/tech_eval.spacy --paths.vectors en_core_web_md
  deps:
    - path: corpus/tech_training.spacy
      md5: 19b22221eb484b39c997903d18749896
    - path: corpus/tech_eval.spacy
      md5: 19b22221eb484b39c997903d18749896
  outs:
    - path: training/model-best
      md5: d5e34c945123c865219c22935653f56a
  spacy_version: 3.1.2
  spacy_git_version: e1f88de72
evaluate:
  cmd: python -m spacy run evaluate
  script:
    - python -m spacy evaluate training/model-best corpus/tech_eval.spacy --output
      training/metrics.json
  deps:
    - path: corpus/tech_eval.spacy
      md5: 19b22221eb484b39c997903d18749896
    - path: training/model-best
      md5: d5e34c945123c865219c22935653f56a
  outs:
    - path: training/metrics.json
      md5: 63a9a35cb2d08ced8e73c2d2297ef983
  spacy_version: 3.1.2
  spacy_git_version: e1f88de72
