preprocess:
  cmd: python -m spacy run preprocess
  script:
    - python scripts/preprocess.py assets/tech_training.jsonl corpus/tech_training.spacy
    - python scripts/preprocess.py assets/tech_eval.jsonl corpus/tech_eval.spacy
  deps:
    - path: assets/tech_training.jsonl
      md5: 161f1fa762d5d2f6aefd0e9f2f731b4b
    - path: assets/tech_eval.jsonl
      md5: 161f1fa762d5d2f6aefd0e9f2f731b4b
    - path: scripts/preprocess.py
      md5: 65f8564338801f89fc346b17ca775594
  outs:
    - path: corpus/tech_training.spacy
      md5: 70cb93cb8e74774793567320ff3229f0
    - path: corpus/tech_eval.spacy
      md5: 70cb93cb8e74774793567320ff3229f0
  spacy_version: 3.0.7
  spacy_git_version: 034ac0acf
train:
  cmd: python -m spacy run train
  script:
    - python -m spacy train configs/config.cfg --output training/ --paths.train corpus/tech_training.spacy
      --paths.dev corpus/tech_eval.spacy --paths.vectors en_core_web_md
  deps:
    - path: corpus/tech_training.spacy
      md5: 70cb93cb8e74774793567320ff3229f0
    - path: corpus/tech_eval.spacy
      md5: 70cb93cb8e74774793567320ff3229f0
  outs:
    - path: training/model-best
      md5: 813a0d83918b7aa3d0172b44deff7a32
  spacy_version: 3.0.7
  spacy_git_version: 034ac0acf
evaluate:
  cmd: python -m spacy run evaluate
  script:
    - python -m spacy evaluate training/model-best corpus/tech_eval.spacy --output
      training/metrics.json
  deps:
    - path: corpus/tech_eval.spacy
      md5: 70cb93cb8e74774793567320ff3229f0
    - path: training/model-best
      md5: 813a0d83918b7aa3d0172b44deff7a32
  outs:
    - path: training/metrics.json
      md5: cf021ca922615ee67040e5d4da0e8971
  spacy_version: 3.0.7
  spacy_git_version: 034ac0acf
